// !$*UTF8*$!
{
	archiveVersion = 1;
	classes = {
	};
	objectVersion = 50;
	objects = {

/* Begin PBXBuildFile section */
		0E0308F4212ED924009E5DF2 /* Alamofire.framework in Frameworks */ = {isa = PBXBuildFile; fileRef = 0E0308F3212ED924009E5DF2 /* Alamofire.framework */; };
		0E0308F6212ED924009E5DF2 /* SwiftyJSON.framework in Frameworks */ = {isa = PBXBuildFile; fileRef = 0E0308F5212ED924009E5DF2 /* SwiftyJSON.framework */; };
		0E0308F8212EF27C009E5DF2 /* HomeMessagerieController.swift in Sources */ = {isa = PBXBuildFile; fileRef = 0E0308F7212EF27C009E5DF2 /* HomeMessagerieController.swift */; };
		0EF8C5B4212D9292004B6192 /* AppDelegate.swift in Sources */ = {isa = PBXBuildFile; fileRef = 0EF8C5B3212D9292004B6192 /* AppDelegate.swift */; };
		0EF8C5B6212D9293004B6192 /* ViewController.swift in Sources */ = {isa = PBXBuildFile; fileRef = 0EF8C5B5212D9293004B6192 /* ViewController.swift */; };
		0EF8C5B9212D9293004B6192 /* Main.storyboard in Resources */ = {isa = PBXBuildFile; fileRef = 0EF8C5B7212D9293004B6192 /* Main.storyboard */; };
		0EF8C5BB212D9295004B6192 /* Assets.xcassets in Resources */ = {isa = PBXBuildFile; fileRef = 0EF8C5BA212D9295004B6192 /* Assets.xcassets */; };
		0EF8C5BE212D9295004B6192 /* LaunchScreen.storyboard in Resources */ = {isa = PBXBuildFile; fileRef = 0EF8C5BC212D9295004B6192 /* LaunchScreen.storyboard */; };
		0EF8C5C9212D9295004B6192 /* Achat_CentraleTests.swift in Sources */ = {isa = PBXBuildFile; fileRef = 0EF8C5C8212D9295004B6192 /* Achat_CentraleTests.swift */; };
		0EF8C5D4212D9295004B6192 /* Achat_CentraleUITests.swift in Sources */ = {isa = PBXBuildFile; fileRef = 0EF8C5D3212D9295004B6192 /* Achat_CentraleUITests.swift */; };
		A4045EF11B73EAC8FF2DD107 /* Pods_Achat_Centrale.framework in Frameworks */ = {isa = PBXBuildFile; fileRef = F68F1996DEBACA121CA7C131 /* Pods_Achat_Centrale.framework */; };
/* End PBXBuildFile section */

/* Begin PBXContainerItemProxy section */
		0EF8C5C5212D9295004B6192 /* PBXContainerItemProxy */ = {
			isa = PBXContainerItemProxy;
			containerPortal = 0EF8C5A8212D9292004B6192 /* Project object */;
			proxyType = 1;
			remoteGlobalIDString = 0EF8C5AF212D9292004B6192;
			remoteInfo = "Achat Centrale";
		};
		0EF8C5D0212D9295004B6192 /* PBXContainerItemProxy */ = {
			isa = PBXContainerItemProxy;
			containerPortal = 0EF8C5A8212D9292004B6192 /* Project object */;
			proxyType = 1;
			remoteGlobalIDString = 0EF8C5AF212D9292004B6192;
			remoteInfo = "Achat Centrale";
		};
/* End PBXContainerItemProxy section */

/* Begin PBXFileReference section */
		0808BD683ABF390C0735AFC3 /* Pods-Achat Centrale.release.xcconfig */ = {isa = PBXFileReference; includeInIndex = 1; lastKnownFileType = text.xcconfig; name = "Pods-Achat Centrale.release.xcconfig"; path = "Pods/Target Support Files/Pods-Achat Centrale/Pods-Achat Centrale.release.xcconfig"; sourceTree = "<group>"; };
		0E0308F3212ED924009E5DF2 /* Alamofire.framework */ = {isa = PBXFileReference; explicitFileType = wrapper.framework; path = Alamofire.framework; sourceTree = BUILT_PRODUCTS_DIR; };
		0E0308F5212ED924009E5DF2 /* SwiftyJSON.framework */ = {isa = PBXFileReference; explicitFileType = wrapper.framework; path = SwiftyJSON.framework; sourceTree = BUILT_PRODUCTS_DIR; };
		0E0308F7212EF27C009E5DF2 /* HomeMessagerieController.swift */ = {isa = PBXFileReference; lastKnownFileType = sourcecode.swift; path = HomeMessagerieController.swift; sourceTree = "<group>"; };
		0EF8C5B0212D9292004B6192 /* Achat Centrale.app */ = {isa = PBXFileReference; explicitFileType = wrapper.application; includeInIndex = 0; path = "Achat Centrale.app"; sourceTree = BUILT_PRODUCTS_DIR; };
		0EF8C5B3212D9292004B6192 /* AppDelegate.swift */ = {isa = PBXFileReference; lastKnownFileType = sourcecode.swift; path = AppDelegate.swift; sourceTree = "<group>"; };
		0EF8C5B5212D9293004B6192 /* ViewController.swift */ = {isa = PBXFileReference; lastKnownFileType = sourcecode.swift; path = ViewController.swift; sourceTree = "<group>"; };
		0EF8C5B8212D9293004B6192 /* Base */ = {isa = PBXFileReference; lastKnownFileType = file.storyboard; name = Base; path = Base.lproj/Main.storyboard; sourceTree = "<group>"; };
		0EF8C5BA212D9295004B6192 /* Assets.xcassets */ = {isa = PBXFileReference; lastKnownFileType = folder.assetcatalog; path = Assets.xcassets; sourceTree = "<group>"; };
		0EF8C5BD212D9295004B6192 /* Base */ = {isa = PBXFileReference; lastKnownFileType = file.storyboard; name = Base; path = Base.lproj/LaunchScreen.storyboard; sourceTree = "<group>"; };
		0EF8C5BF212D9295004B6192 /* Info.plist */ = {isa = PBXFileReference; lastKnownFileType = text.plist.xml; path = Info.plist; sourceTree = "<group>"; };
		0EF8C5C4212D9295004B6192 /* Achat CentraleTests.xctest */ = {isa = PBXFileReference; explicitFileType = wrapper.cfbundle; includeInIndex = 0; path = "Achat CentraleTests.xctest"; sourceTree = BUILT_PRODUCTS_DIR; };
		0EF8C5C8212D9295004B6192 /* Achat_CentraleTests.swift */ = {isa = PBXFileReference; lastKnownFileType = sourcecode.swift; path = Achat_CentraleTests.swift; sourceTree = "<group>"; };
		0EF8C5CA212D9295004B6192 /* Info.plist */ = {isa = PBXFileReference; lastKnownFileType = text.plist.xml; path = Info.plist; sourceTree = "<group>"; };
		0EF8C5CF212D9295004B6192 /* Achat CentraleUITests.xctest */ = {isa = PBXFileReference; explicitFileType = wrapper.cfbundle; includeInIndex = 0; path = "Achat CentraleUITests.xctest"; sourceTree = BUILT_PRODUCTS_DIR; };
		0EF8C5D3212D9295004B6192 /* Achat_CentraleUITests.swift */ = {isa = PBXFileReference; lastKnownFileType = sourcecode.swift; path = Achat_CentraleUITests.swift; sourceTree = "<group>"; };
		0EF8C5D5212D9295004B6192 /* Info.plist */ = {isa = PBXFileReference; lastKnownFileType = text.plist.xml; path = Info.plist; sourceTree = "<group>"; };
		7F3F88D58250933C62028AC4 /* Pods-Achat Centrale.debug.xcconfig */ = {isa = PBXFileReference; includeInIndex = 1; lastKnownFileType = text.xcconfig; name = "Pods-Achat Centrale.debug.xcconfig"; path = "Pods/Target Support Files/Pods-Achat Centrale/Pods-Achat Centrale.debug.xcconfig"; sourceTree = "<group>"; };
		F68F1996DEBACA121CA7C131 /* Pods_Achat_Centrale.framework */ = {isa = PBXFileReference; explicitFileType = wrapper.framework; includeInIndex = 0; path = Pods_Achat_Centrale.framework; sourceTree = BUILT_PRODUCTS_DIR; };
/* End PBXFileReference section */

/* Begin PBXFrameworksBuildPhase section */
		0EF8C5AD212D9292004B6192 /* Frameworks */ = {
			isa = PBXFrameworksBuildPhase;
			buildActionMask = 2147483647;
			files = (
				0E0308F4212ED924009E5DF2 /* Alamofire.framework in Frameworks */,
				0E0308F6212ED924009E5DF2 /* SwiftyJSON.framework in Frameworks */,
				A4045EF11B73EAC8FF2DD107 /* Pods_Achat_Centrale.framework in Frameworks */,
			);
			runOnlyForDeploymentPostprocessing = 0;
		};
		0EF8C5C1212D9295004B6192 /* Frameworks */ = {
			isa = PBXFrameworksBuildPhase;
			buildActionMask = 2147483647;
			files = (
			);
			runOnlyForDeploymentPostprocessing = 0;
		};
		0EF8C5CC212D9295004B6192 /* Frameworks */ = {
			isa = PBXFrameworksBuildPhase;
			buildActionMask = 2147483647;
			files = (
			);
			runOnlyForDeploymentPostprocessing = 0;
		};
/* End PBXFrameworksBuildPhase section */

/* Begin PBXGroup section */
		0EF8C5A7212D9292004B6192 = {
			isa = PBXGroup;
			children = (
				0EF8C5B2212D9292004B6192 /* Achat Centrale */,
				0EF8C5C7212D9295004B6192 /* Achat CentraleTests */,
				0EF8C5D2212D9295004B6192 /* Achat CentraleUITests */,
				0EF8C5B1212D9292004B6192 /* Products */,
				7DDF58C7F23A217CDD4D3CA8 /* Pods */,
				73C4069A7AC2A0BAFB7B798E /* Frameworks */,
			);
			sourceTree = "<group>";
		};
		0EF8C5B1212D9292004B6192 /* Products */ = {
			isa = PBXGroup;
			children = (
				0EF8C5B0212D9292004B6192 /* Achat Centrale.app */,
				0EF8C5C4212D9295004B6192 /* Achat CentraleTests.xctest */,
				0EF8C5CF212D9295004B6192 /* Achat CentraleUITests.xctest */,
			);
			name = Products;
			sourceTree = "<group>";
		};
		0EF8C5B2212D9292004B6192 /* Achat Centrale */ = {
			isa = PBXGroup;
			children = (
				0EF8C5B3212D9292004B6192 /* AppDelegate.swift */,
				0EF8C5B5212D9293004B6192 /* ViewController.swift */,
				0EF8C5B7212D9293004B6192 /* Main.storyboard */,
				0EF8C5BA212D9295004B6192 /* Assets.xcassets */,
				0EF8C5BC212D9295004B6192 /* LaunchScreen.storyboard */,
				0EF8C5BF212D9295004B6192 /* Info.plist */,
				0E0308F7212EF27C009E5DF2 /* HomeMessagerieController.swift */,
			);
			path = "Achat Centrale";
			sourceTree = "<group>";
		};
		0EF8C5C7212D9295004B6192 /* Achat CentraleTests */ = {
			isa = PBXGroup;
			children = (
				0EF8C5C8212D9295004B6192 /* Achat_CentraleTests.swift */,
				0EF8C5CA212D9295004B6192 /* Info.plist */,
			);
			path = "Achat CentraleTests";
			sourceTree = "<group>";
		};
		0EF8C5D2212D9295004B6192 /* Achat CentraleUITests */ = {
			isa = PBXGroup;
			children = (
				0EF8C5D3212D9295004B6192 /* Achat_CentraleUITests.swift */,
				0EF8C5D5212D9295004B6192 /* Info.plist */,
			);
			path = "Achat CentraleUITests";
			sourceTree = "<group>";
		};
		73C4069A7AC2A0BAFB7B798E /* Frameworks */ = {
			isa = PBXGroup;
			children = (
				0E0308F3212ED924009E5DF2 /* Alamofire.framework */,
				0E0308F5212ED924009E5DF2 /* SwiftyJSON.framework */,
				F68F1996DEBACA121CA7C131 /* Pods_Achat_Centrale.framework */,
			);
			name = Frameworks;
			sourceTree = "<group>";
		};
		7DDF58C7F23A217CDD4D3CA8 /* Pods */ = {
			isa = PBXGroup;
			children = (
				7F3F88D58250933C62028AC4 /* Pods-Achat Centrale.debug.xcconfig */,
				0808BD683ABF390C0735AFC3 /* Pods-Achat Centrale.release.xcconfig */,
			);
			name = Pods;
			sourceTree = "<group>";
		};
/* End PBXGroup section */

/* Begin PBXNativeTarget section */
		0EF8C5AF212D9292004B6192 /* Achat Centrale */ = {
			isa = PBXNativeTarget;
			buildConfigurationList = 0EF8C5D8212D9295004B6192 /* Build configuration list for PBXNativeTarget "Achat Centrale" */;
			buildPhases = (
				7206691490734F5CBC7F5935 /* [CP] Check Pods Manifest.lock */,
				0EF8C5AC212D9292004B6192 /* Sources */,
				0EF8C5AD212D9292004B6192 /* Frameworks */,
				0EF8C5AE212D9292004B6192 /* Resources */,
				AC9208382F2163CCB0E77040 /* [CP] Embed Pods Frameworks */,
			);
			buildRules = (
			);
			dependencies = (
			);
			name = "Achat Centrale";
			productName = "Achat Centrale";
			productReference = 0EF8C5B0212D9292004B6192 /* Achat Centrale.app */;
			productType = "com.apple.product-type.application";
		};
		0EF8C5C3212D9295004B6192 /* Achat CentraleTests */ = {
			isa = PBXNativeTarget;
			buildConfigurationList = 0EF8C5DB212D9295004B6192 /* Build configuration list for PBXNativeTarget "Achat CentraleTests" */;
			buildPhases = (
				0EF8C5C0212D9295004B6192 /* Sources */,
				0EF8C5C1212D9295004B6192 /* Frameworks */,
				0EF8C5C2212D9295004B6192 /* Resources */,
			);
			buildRules = (
			);
			dependencies = (
				0EF8C5C6212D9295004B6192 /* PBXTargetDependency */,
			);
			name = "Achat CentraleTests";
			productName = "Achat CentraleTests";
			productReference = 0EF8C5C4212D9295004B6192 /* Achat CentraleTests.xctest */;
			productType = "com.apple.product-type.bundle.unit-test";
		};
		0EF8C5CE212D9295004B6192 /* Achat CentraleUITests */ = {
			isa = PBXNativeTarget;
			buildConfigurationList = 0EF8C5DE212D9295004B6192 /* Build configuration list for PBXNativeTarget "Achat CentraleUITests" */;
			buildPhases = (
				0EF8C5CB212D9295004B6192 /* Sources */,
				0EF8C5CC212D9295004B6192 /* Frameworks */,
				0EF8C5CD212D9295004B6192 /* Resources */,
			);
			buildRules = (
			);
			dependencies = (
				0EF8C5D1212D9295004B6192 /* PBXTargetDependency */,
			);
			name = "Achat CentraleUITests";
			productName = "Achat CentraleUITests";
			productReference = 0EF8C5CF212D9295004B6192 /* Achat CentraleUITests.xctest */;
			productType = "com.apple.product-type.bundle.ui-testing";
		};
/* End PBXNativeTarget section */

/* Begin PBXProject section */
		0EF8C5A8212D9292004B6192 /* Project object */ = {
			isa = PBXProject;
			attributes = {
				LastSwiftUpdateCheck = 0940;
				LastUpgradeCheck = 0940;
				ORGANIZATIONNAME = "Jean-baptiste";
				TargetAttributes = {
					0EF8C5AF212D9292004B6192 = {
						CreatedOnToolsVersion = 9.4.1;
					};
					0EF8C5C3212D9295004B6192 = {
						CreatedOnToolsVersion = 9.4.1;
						TestTargetID = 0EF8C5AF212D9292004B6192;
					};
					0EF8C5CE212D9295004B6192 = {
						CreatedOnToolsVersion = 9.4.1;
						TestTargetID = 0EF8C5AF212D9292004B6192;
					};
				};
			};
			buildConfigurationList = 0EF8C5AB212D9292004B6192 /* Build configuration list for PBXProject "Achat Centrale" */;
			compatibilityVersion = "Xcode 9.3";
			developmentRegion = en;
			hasScannedForEncodings = 0;
			knownRegions = (
				en,
				Base,
			);
			mainGroup = 0EF8C5A7212D9292004B6192;
			productRefGroup = 0EF8C5B1212D9292004B6192 /* Products */;
			projectDirPath = "";
			projectRoot = "";
			targets = (
				0EF8C5AF212D9292004B6192 /* Achat Centrale */,
				0EF8C5C3212D9295004B6192 /* Achat CentraleTests */,
				0EF8C5CE212D9295004B6192 /* Achat CentraleUITests */,
			);
		};
/* End PBXProject section */

/* Begin PBXResourcesBuildPhase section */
		0EF8C5AE212D9292004B6192 /* Resources */ = {
			isa = PBXResourcesBuildPhase;
			buildActionMask = 2147483647;
			files = (
				0EF8C5BE212D9295004B6192 /* LaunchScreen.storyboard in Resources */,
				0EF8C5BB212D9295004B6192 /* Assets.xcassets in Resources */,
				0EF8C5B9212D9293004B6192 /* Main.storyboard in Resources */,
			);
			runOnlyForDeploymentPostprocessing = 0;
		};
		0EF8C5C2212D9295004B6192 /* Resources */ = {
			isa = PBXResourcesBuildPhase;
			buildActionMask = 2147483647;
			files = (
			);
			runOnlyForDeploymentPostprocessing = 0;
		};
		0EF8C5CD212D9295004B6192 /* Resources */ = {
			isa = PBXResourcesBuildPhase;
			buildActionMask = 2147483647;
			files = (
			);
			runOnlyForDeploymentPostprocessing = 0;
		};
/* End PBXResourcesBuildPhase section */

/* Begin PBXShellScriptBuildPhase section */
		7206691490734F5CBC7F5935 /* [CP] Check Pods Manifest.lock */ = {
			isa = PBXShellScriptBuildPhase;
			buildActionMask = 2147483647;
			files = (
			);
			inputPaths = (
				"${PODS_PODFILE_DIR_PATH}/Podfile.lock",
				"${PODS_ROOT}/Manifest.lock",
			);
			name = "[CP] Check Pods Manifest.lock";
			outputPaths = (
				"$(DERIVED_FILE_DIR)/Pods-Achat Centrale-checkManifestLockResult.txt",
			);
			runOnlyForDeploymentPostprocessing = 0;
			shellPath = /bin/sh;
			shellScript = "diff \"${PODS_PODFILE_DIR_PATH}/Podfile.lock\" \"${PODS_ROOT}/Manifest.lock\" > /dev/null\nif [ $? != 0 ] ; then\n    # print error to STDERR\n    echo \"error: The sandbox is not in sync with the Podfile.lock. Run 'pod install' or update your CocoaPods installation.\" >&2\n    exit 1\nfi\n# This output is used by Xcode 'outputs' to avoid re-running this script phase.\necho \"SUCCESS\" > \"${SCRIPT_OUTPUT_FILE_0}\"\n";
			showEnvVarsInLog = 0;
		};
		AC9208382F2163CCB0E77040 /* [CP] Embed Pods Frameworks */ = {
			isa = PBXShellScriptBuildPhase;
			buildActionMask = 2147483647;
			files = (
			);
			inputPaths = (
				"${SRCROOT}/Pods/Target Support Files/Pods-Achat Centrale/Pods-Achat Centrale-frameworks.sh",
				"${BUILT_PRODUCTS_DIR}/Alamofire/Alamofire.framework",
				"${BUILT_PRODUCTS_DIR}/SwiftyJSON/SwiftyJSON.framework",
			);
			name = "[CP] Embed Pods Frameworks";
			outputPaths = (
				"${TARGET_BUILD_DIR}/${FRAMEWORKS_FOLDER_PATH}/Alamofire.framework",
				"${TARGET_BUILD_DIR}/${FRAMEWORKS_FOLDER_PATH}/SwiftyJSON.framework",
			);
			runOnlyForDeploymentPostprocessing = 0;
			shellPath = /bin/sh;
			shellScript = "\"${SRCROOT}/Pods/Target Support Files/Pods-Achat Centrale/Pods-Achat Centrale-frameworks.sh\"\n";
			showEnvVarsInLog = 0;
		};
/* End PBXShellScriptBuildPhase section */

/* Begin PBXSourcesBuildPhase section */
		0EF8C5AC212D9292004B6192 /* Sources */ = {
			isa = PBXSourcesBuildPhase;
			buildActionMask = 2147483647;
			files = (
				0E0308F8212EF27C009E5DF2 /* HomeMessagerieController.swift in Sources */,
				0EF8C5B6212D9293004B6192 /* ViewController.swift in Sources */,
				0EF8C5B4212D9292004B6192 /* AppDelegate.swift in Sources */,
			);
			runOnlyForDeploymentPostprocessing = 0;
		};
		0EF8C5C0212D9295004B6192 /* Sources */ = {
			isa = PBXSourcesBuildPhase;
			buildActionMask = 2147483647;
			files = (
				0EF8C5C9212D9295004B6192 /* Achat_CentraleTests.swift in Sources */,
			);
			runOnlyForDeploymentPostprocessing = 0;
		};
		0EF8C5CB212D9295004B6192 /* Sources */ = {
			isa = PBXSourcesBuildPhase;
			buildActionMask = 2147483647;
			files = (
				0EF8C5D4212D9295004B6192 /* Achat_CentraleUITests.swift in Sources */,
			);
			runOnlyForDeploymentPostprocessing = 0;
		};
/* End PBXSourcesBuildPhase section */

/* Begin PBXTargetDependency section */
		0EF8C5C6212D9295004B6192 /* PBXTargetDependency */ = {
			isa = PBXTargetDependency;
			target = 0EF8C5AF212D9292004B6192 /* Achat Centrale */;
			targetProxy = 0EF8C5C5212D9295004B6192 /* PBXContainerItemProxy */;
		};
		0EF8C5D1212D9295004B6192 /* PBXTargetDependency */ = {
			isa = PBXTargetDependency;
			target = 0EF8C5AF212D9292004B6192 /* Achat Centrale */;
			targetProxy = 0EF8C5D0212D9295004B6192 /* PBXContainerItemProxy */;
		};
/* End PBXTargetDependency section */

/* Begin PBXVariantGroup section */
		0EF8C5B7212D9293004B6192 /* Main.storyboard */ = {
			isa = PBXVariantGroup;
			children = (
				0EF8C5B8212D9293004B6192 /* Base */,
			);
			name = Main.storyboard;
			sourceTree = "<group>";
		};
		0EF8C5BC212D9295004B6192 /* LaunchScreen.storyboard */ = {
			isa = PBXVariantGroup;
			children = (
				0EF8C5BD212D9295004B6192 /* Base */,
			);
			name = LaunchScreen.storyboard;
			sourceTree = "<group>";
		};
/* End PBXVariantGroup section */

/* Begin XCBuildConfiguration section */
		0EF8C5D6212D9295004B6192 /* Debug */ = {
			isa = XCBuildConfiguration;
			buildSettings = {
				ALWAYS_SEARCH_USER_PATHS = NO;
				CLANG_ANALYZER_NONNULL = YES;
				CLANG_ANALYZER_NUMBER_OBJECT_CONVERSION = YES_AGGRESSIVE;
				CLANG_CXX_LANGUAGE_STANDARD = "gnu++14";
				CLANG_CXX_LIBRARY = "libc++";
				CLANG_ENABLE_MODULES = YES;
				CLANG_ENABLE_OBJC_ARC = YES;
				CLANG_ENABLE_OBJC_WEAK = YES;
				CLANG_WARN_BLOCK_CAPTURE_AUTORELEASING = YES;
				CLANG_WARN_BOOL_CONVERSION = YES;
				CLANG_WARN_COMMA = YES;
				CLANG_WARN_CONSTANT_CONVERSION = YES;
				CLANG_WARN_DEPRECATED_OBJC_IMPLEMENTATIONS = YES;
				CLANG_WARN_DIRECT_OBJC_ISA_USAGE = YES_ERROR;
				CLANG_WARN_DOCUMENTATION_COMMENTS = YES;
				CLANG_WARN_EMPTY_BODY = YES;
				CLANG_WARN_ENUM_CONVERSION = YES;
				CLANG_WARN_INFINITE_RECURSION = YES;
				CLANG_WARN_INT_CONVERSION = YES;
				CLANG_WARN_NON_LITERAL_NULL_CONVERSION = YES;
				CLANG_WARN_OBJC_IMPLICIT_RETAIN_SELF = YES;
				CLANG_WARN_OBJC_LITERAL_CONVERSION = YES;
				CLANG_WARN_OBJC_ROOT_CLASS = YES_ERROR;
				CLANG_WARN_RANGE_LOOP_ANALYSIS = YES;
				CLANG_WARN_STRICT_PROTOTYPES = YES;
				CLANG_WARN_SUSPICIOUS_MOVE = YES;
				CLANG_WARN_UNGUARDED_AVAILABILITY = YES_AGGRESSIVE;
				CLANG_WARN_UNREACHABLE_CODE = YES;
				CLANG_WARN__DUPLICATE_METHOD_MATCH = YES;
				CODE_SIGN_IDENTITY = "iPhone Developer";
				COPY_PHASE_STRIP = NO;
				DEBUG_INFORMATION_FORMAT = dwarf;
				ENABLE_STRICT_OBJC_MSGSEND = YES;
				ENABLE_TESTABILITY = YES;
				GCC_C_LANGUAGE_STANDARD = gnu11;
				GCC_DYNAMIC_NO_PIC = NO;
				GCC_NO_COMMON_BLOCKS = YES;
				GCC_OPTIMIZATION_LEVEL = 0;
				GCC_PREPROCESSOR_DEFINITIONS = (
					"DEBUG=1",
					"$(inherited)",
				);
				GCC_WARN_64_TO_32_BIT_CONVERSION = YES;
				GCC_WARN_ABOUT_RETURN_TYPE = YES_ERROR;
				GCC_WARN_UNDECLARED_SELECTOR = YES;
				GCC_WARN_UNINITIALIZED_AUTOS = YES_AGGRESSIVE;
				GCC_WARN_UNUSED_FUNCTION = YES;
				GCC_WARN_UNUSED_VARIABLE = YES;
				IPHONEOS_DEPLOYMENT_TARGET = 11.4;
				MTL_ENABLE_DEBUG_INFO = YES;
				ONLY_ACTIVE_ARCH = YES;
				SDKROOT = iphoneos;
				SWIFT_ACTIVE_COMPILATION_CONDITIONS = DEBUG;
				SWIFT_OPTIMIZATION_LEVEL = "-Onone";
			};
			name = Debug;
		};
		0EF8C5D7212D9295004B6192 /* Release */ = {
			isa = XCBuildConfiguration;
			buildSettings = {
				ALWAYS_SEARCH_USER_PATHS = NO;
				CLANG_ANALYZER_NONNULL = YES;
				CLANG_ANALYZER_NUMBER_OBJECT_CONVERSION = YES_AGGRESSIVE;
				CLANG_CXX_LANGUAGE_STANDARD = "gnu++14";
				CLANG_CXX_LIBRARY = "libc++";
				CLANG_ENABLE_MODULES = YES;
				CLANG_ENABLE_OBJC_ARC = YES;
				CLANG_ENABLE_OBJC_WEAK = YES;
				CLANG_WARN_BLOCK_CAPTURE_AUTORELEASING = YES;
				CLANG_WARN_BOOL_CONVERSION = YES;
				CLANG_WARN_COMMA = YES;
				CLANG_WARN_CONSTANT_CONVERSION = YES;
				CLANG_WARN_DEPRECATED_OBJC_IMPLEMENTATIONS = YES;
				CLANG_WARN_DIRECT_OBJC_ISA_USAGE = YES_ERROR;
				CLANG_WARN_DOCUMENTATION_COMMENTS = YES;
				CLANG_WARN_EMPTY_BODY = YES;
				CLANG_WARN_ENUM_CONVERSION = YES;
				CLANG_WARN_INFINITE_RECURSION = YES;
				CLANG_WARN_INT_CONVERSION = YES;
				CLANG_WARN_NON_LITERAL_NULL_CONVERSION = YES;
				CLANG_WARN_OBJC_IMPLICIT_RETAIN_SELF = YES;
				CLANG_WARN_OBJC_LITERAL_CONVERSION = YES;
				CLANG_WARN_OBJC_ROOT_CLASS = YES_ERROR;
				CLANG_WARN_RANGE_LOOP_ANALYSIS = YES;
				CLANG_WARN_STRICT_PROTOTYPES = YES;
				CLANG_WARN_SUSPICIOUS_MOVE = YES;
				CLANG_WARN_UNGUARDED_AVAILABILITY = YES_AGGRESSIVE;
				CLANG_WARN_UNREACHABLE_CODE = YES;
				CLANG_WARN__DUPLICATE_METHOD_MATCH = YES;
				CODE_SIGN_IDENTITY = "iPhone Developer";
				COPY_PHASE_STRIP = NO;
				DEBUG_INFORMATION_FORMAT = "dwarf-with-dsym";
				ENABLE_NS_ASSERTIONS = NO;
				ENABLE_STRICT_OBJC_MSGSEND = YES;
				GCC_C_LANGUAGE_STANDARD = gnu11;
				GCC_NO_COMMON_BLOCKS = YES;
				GCC_WARN_64_TO_32_BIT_CONVERSION = YES;
				GCC_WARN_ABOUT_RETURN_TYPE = YES_ERROR;
				GCC_WARN_UNDECLARED_SELECTOR = YES;
				GCC_WARN_UNINITIALIZED_AUTOS = YES_AGGRESSIVE;
				GCC_WARN_UNUSED_FUNCTION = YES;
				GCC_WARN_UNUSED_VARIABLE = YES;
				IPHONEOS_DEPLOYMENT_TARGET = 11.4;
				MTL_ENABLE_DEBUG_INFO = NO;
				SDKROOT = iphoneos;
				SWIFT_COMPILATION_MODE = wholemodule;
				SWIFT_OPTIMIZATION_LEVEL = "-O";
				VALIDATE_PRODUCT = YES;
			};
			name = Release;
		};
		0EF8C5D9212D9295004B6192 /* Debug */ = {
			isa = XCBuildConfiguration;
			baseConfigurationReference = 7F3F88D58250933C62028AC4 /* Pods-Achat Centrale.debug.xcconfig */;
			buildSettings = {
				ASSETCATALOG_COMPILER_APPICON_NAME = AppIcon;
				CODE_SIGN_STYLE = Automatic;
				"CODE_SIGN_STYLE[sdk=iphoneos*]" = Automatic;
				DEVELOPMENT_TEAM = 86ZME78PAF;
				INFOPLIST_FILE = "Achat Centrale/Info.plist";
				IPHONEOS_DEPLOYMENT_TARGET = 9.00;
				LD_RUNPATH_SEARCH_PATHS = (
					"$(inherited)",
					"@executable_path/Frameworks",
				);
				PRODUCT_BUNDLE_IDENTIFIER = "AchatCentrale.Achat-Centrale";
				PRODUCT_NAME = "$(TARGET_NAME)";
				SWIFT_VERSION = 4.0;
				TARGETED_DEVICE_FAMILY = 1;
			};
			name = Debug;
		};
		0EF8C5DA212D9295004B6192 /* Release */ = {
			isa = XCBuildConfiguration;
			baseConfigurationReference = 0808BD683ABF390C0735AFC3 /* Pods-Achat Centrale.release.xcconfig */;
			buildSettings = {
				ASSETCATALOG_COMPILER_APPICON_NAME = AppIcon;
				CODE_SIGN_STYLE = Automatic;
				"CODE_SIGN_STYLE[sdk=iphoneos*]" = Automatic;
				DEVELOPMENT_TEAM = 86ZME78PAF;
				INFOPLIST_FILE = "Achat Centrale/Info.plist";
				IPHONEOS_DEPLOYMENT_TARGET = 9.00;
				LD_RUNPATH_SEARCH_PATHS = (
					"$(inherited)",
					"@executable_path/Frameworks",
				);
				PRODUCT_BUNDLE_IDENTIFIER = "AchatCentrale.Achat-Centrale";
				PRODUCT_NAME = "$(TARGET_NAME)";
				SWIFT_VERSION = 4.0;
				TARGETED_DEVICE_FAMILY = 1;
			};
			name = Release;
		};
		0EF8C5DC212D9295004B6192 /* Debug */ = {
			isa = XCBuildConfiguration;
			buildSettings = {
				ALWAYS_EMBED_SWIFT_STANDARD_LIBRARIES = YES;
				BUNDLE_LOADER = "$(TEST_HOST)";
				CODE_SIGN_STYLE = Automatic;
				INFOPLIST_FILE = "Achat CentraleTests/Info.plist";
				LD_RUNPATH_SEARCH_PATHS = (
					"$(inherited)",
					"@executable_path/Frameworks",
					"@loader_path/Frameworks",
				);
				PRODUCT_BUNDLE_IDENTIFIER = "AchatCentrale.Achat-CentraleTests";
				PRODUCT_NAME = "$(TARGET_NAME)";
				SWIFT_VERSION = 4.0;
				TARGETED_DEVICE_FAMILY = "1,2";
				TEST_HOST = "$(BUILT_PRODUCTS_DIR)/Achat Centrale.app/Achat Centrale";
			};
			name = Debug;
		};
		0EF8C5DD212D9295004B6192 /* Release */ = {
			isa = XCBuildConfiguration;
			buildSettings = {
				ALWAYS_EMBED_SWIFT_STANDARD_LIBRARIES = YES;
				BUNDLE_LOADER = "$(TEST_HOST)";
				CODE_SIGN_STYLE = Automatic;
				INFOPLIST_FILE = "Achat CentraleTests/Info.plist";
				LD_RUNPATH_SEARCH_PATHS = (
					"$(inherited)",
					"@executable_path/Frameworks",
					"@loader_path/Frameworks",
				);
				PRODUCT_BUNDLE_IDENTIFIER = "AchatCentrale.Achat-CentraleTests";
				PRODUCT_NAME = "$(TARGET_NAME)";
				SWIFT_VERSION = 4.0;
				TARGETED_DEVICE_FAMILY = "1,2";
				TEST_HOST = "$(BUILT_PRODUCTS_DIR)/Achat Centrale.app/Achat Centrale";
			};
			name = Release;
		};
		0EF8C5DF212D9295004B6192 /* Debug */ = {
			isa = XCBuildConfiguration;
			buildSettings = {
				ALWAYS_EMBED_SWIFT_STANDARD_LIBRARIES = YES;
				CODE_SIGN_STYLE = Automatic;
				INFOPLIST_FILE = "Achat CentraleUITests/Info.plist";
				LD_RUNPATH_SEARCH_PATHS = (
					"$(inherited)",
					"@executable_path/Frameworks",
					"@loader_path/Frameworks",
				);
				PRODUCT_BUNDLE_IDENTIFIER = "AchatCentrale.Achat-CentraleUITests";
				PRODUCT_NAME = "$(TARGET_NAME)";
				SWIFT_VERSION = 4.0;
				TARGETED_DEVICE_FAMILY = "1,2";
				TEST_TARGET_NAME = "Achat Centrale";
			};
			name = Debug;
		};
		0EF8C5E0212D9295004B6192 /* Release */ = {
			isa = XCBuildConfiguration;
			buildSettings = {
				ALWAYS_EMBED_SWIFT_STANDARD_LIBRARIES = YES;
				CODE_SIGN_STYLE = Automatic;
				INFOPLIST_FILE = "Achat CentraleUITests/Info.plist";
				LD_RUNPATH_SEARCH_PATHS = (
					"$(inherited)",
					"@executable_path/Frameworks",
					"@loader_path/Frameworks",
				);
				PRODUCT_BUNDLE_IDENTIFIER = "AchatCentrale.Achat-CentraleUITests";
				PRODUCT_NAME = "$(TARGET_NAME)";
				SWIFT_VERSION = 4.0;
				TARGETED_DEVICE_FAMILY = "1,2";
				TEST_TARGET_NAME = "Achat Centrale";
			};
			name = Release;
		};
/* End XCBuildConfiguration section */

/* Begin XCConfigurationList section */
		0EF8C5AB212D9292004B6192 /* Build configuration list for PBXProject "Achat Centrale" */ = {
			isa = XCConfigurationList;
			buildConfigurations = (
				0EF8C5D6212D9295004B6192 /* Debug */,
				0EF8C5D7212D9295004B6192 /* Release */,
			);
			defaultConfigurationIsVisible = 0;
			defaultConfigurationName = Release;
		};
		0EF8C5D8212D9295004B6192 /* Build configuration list for PBXNativeTarget "Achat Centrale" */ = {
			isa = XCConfigurationList;
			buildConfigurations = (
				0EF8C5D9212D9295004B6192 /* Debug */,
				0EF8C5DA212D9295004B6192 /* Release */,
			);
			defaultConfigurationIsVisible = 0;
			defaultConfigurationName = Release;
		};
		0EF8C5DB212D9295004B6192 /* Build configuration list for PBXNativeTarget "Achat CentraleTests" */ = {
			isa = XCConfigurationList;
			buildConfigurations = (
				0EF8C5DC212D9295004B6192 /* Debug */,
				0EF8C5DD212D9295004B6192 /* Release */,
			);
			defaultConfigurationIsVisible = 0;
			defaultConfigurationName = Release;
		};
		0EF8C5DE212D9295004B6192 /* Build configuration list for PBXNativeTarget "Achat CentraleUITests" */ = {
			isa = XCConfigurationList;
			buildConfigurations = (
				0EF8C5DF212D9295004B6192 /* Debug */,
				0EF8C5E0212D9295004B6192 /* Release */,
			);
			defaultConfigurationIsVisible = 0;
			defaultConfigurationName = Release;
		};
/* End XCConfigurationList section */
	};
	rootObject = 0EF8C5A8212D9292004B6192 /* Project object */;
}
